
Microsoft Visual Studio Solution File, Format Version 12.00
# Visual Studio 2012
Project("{FAE04EC0-301F-11D3-BF4B-00C04F79EFBC}") = "LinkHubUI", "LinkHubUI\LinkHubUI.csproj", "{29265746-8984-47EE-9028-BA1F604CBF61}"
EndProject
Project("{FAE04EC0-301F-11D3-BF4B-00C04F79EFBC}") = "BOL", "..\BOL\BOL.csproj", "{CBBB7FC7-C1D1-443F-82B3-62D5CD415EE5}"
EndProject
Project("{FAE04EC0-301F-11D3-BF4B-00C04F79EFBC}") = "BLL", "..\BLL\BLL.csproj", "{51B096B7-9C9E-4E8D-A208-47EE18C64C68}"
EndProject
Project("{FAE04EC0-301F-11D3-BF4B-00C04F79EFBC}") = "DAL", "..\DAL\DAL.csproj", "{164D4333-754E-46DA-B7F4-CAA66B2EF337}"
EndProject
Global
	GlobalSection(SolutionConfigurationPlatforms) = preSolution
		Debug|Any CPU = Debug|Any CPU
		Release|Any CPU = Release|Any CPU
	EndGlobalSection
	GlobalSection(ProjectConfigurationPlatforms) = postSolution
		{29265746-8984-47EE-9028-BA1F604CBF61}.Debug|Any CPU.ActiveCfg = Debug|Any CPU
		{29265746-8984-47EE-9028-BA1F604CBF61}.Debug|Any CPU.Build.0 = Debug|Any CPU
		{29265746-8984-47EE-9028-BA1F604CBF61}.Release|Any CPU.ActiveCfg = Release|Any CPU
		{29265746-8984-47EE-9028-BA1F604CBF61}.Release|Any CPU.Build.0 = Release|Any CPU
		{CBBB7FC7-C1D1-443F-82B3-62D5CD415EE5}.Debug|Any CPU.ActiveCfg = Debug|Any CPU
		{CBBB7FC7-C1D1-443F-82B3-62D5CD415EE5}.Debug|Any CPU.Build.0 = Debug|Any CPU
		{CBBB7FC7-C1D1-443F-82B3-62D5CD415EE5}.Release|Any CPU.ActiveCfg = Release|Any CPU
		{CBBB7FC7-C1D1-443F-82B3-62D5CD415EE5}.Release|Any CPU.Build.0 = Release|Any CPU
		{51B096B7-9C9E-4E8D-A208-47EE18C64C68}.Debug|Any CPU.ActiveCfg = Debug|Any CPU
		{51B096B7-9C9E-4E8D-A208-47EE18C64C68}.Debug|Any CPU.Build.0 = Debug|Any CPU
		{51B096B7-9C9E-4E8D-A208-47EE18C64C68}.Release|Any CPU.ActiveCfg = Release|Any CPU
		{51B096B7-9C9E-4E8D-A208-47EE18C64C68}.Release|Any CPU.Build.0 = Release|Any CPU
		{164D4333-754E-46DA-B7F4-CAA66B2EF337}.Debug|Any CPU.ActiveCfg = Debug|Any CPU
		{164D4333-754E-46DA-B7F4-CAA66B2EF337}.Debug|Any CPU.Build.0 = Debug|Any CPU
		{164D4333-754E-46DA-B7F4-CAA66B2EF337}.Release|Any CPU.ActiveCfg = Release|Any CPU
		{164D4333-754E-46DA-B7F4-CAA66B2EF337}.Release|Any CPU.Build.0 = Release|Any CPU
	EndGlobalSection
	GlobalSection(SolutionProperties) = preSolution
		HideSolutionNode = FALSE
	EndGlobalSection
EndGlobal
